
Microsoft Visual Studio Solution File, Format Version 12.00
# Visual Studio 14
VisualStudioVersion = 14.0.24720.0
MinimumVisualStudioVersion = 10.0.40219.1
Project("{8BC9CEB8-8B4A-11D0-8D11-00A0C91BC942}") = "RKK_Library", "Projects\RKK_Library.vcxproj", "{D845A969-0CF5-4225-935B-AB0E3A0AD188}"
	ProjectSection(ProjectDependencies) = postProject
		{D97800BC-87E5-42CD-A999-B99A4E5B1244} = {D97800BC-87E5-42CD-A999-B99A4E5B1244}
	EndProjectSection
EndProject
Project("{8BC9CEB8-8B4A-11D0-8D11-00A0C91BC942}") = "WIZ_Library", "Projects\WIZ_Library.vcxproj", "{D97800BC-87E5-42CD-A999-B99A4E5B1244}"
EndProject
Project("{2150E333-8FDC-42A3-9474-1A3956D46DE8}") = "8_Plugin", "8_Plugin", "{364DF884-FAF0-4A72-BF8B-BFAED48C142B}"
EndProject
Project("{8BC9CEB8-8B4A-11D0-8D11-00A0C91BC942}") = "RKK_RDL_D3D11", "Projects\RKK_RDL_D3D11.vcxproj", "{4D0061F7-577A-4788-996C-C561E563CFBD}"
	ProjectSection(ProjectDependencies) = postProject
		{D845A969-0CF5-4225-935B-AB0E3A0AD188} = {D845A969-0CF5-4225-935B-AB0E3A0AD188}
	EndProjectSection
EndProject
Project("{2150E333-8FDC-42A3-9474-1A3956D46DE8}") = "0_Base", "0_Base", "{BE91FF3E-9D33-4BB5-B5B2-20F777A827FE}"
EndProject
Project("{2150E333-8FDC-42A3-9474-1A3956D46DE8}") = "RDL", "RDL", "{F7BF4F9C-6A7D-4B46-9AD5-94586FE71780}"
EndProject
Project("{2150E333-8FDC-42A3-9474-1A3956D46DE8}") = "2_Whimsy", "2_Whimsy", "{A989DD24-D168-4D10-BA5F-48BD0DA3DC9A}"
EndProject
Project("{2150E333-8FDC-42A3-9474-1A3956D46DE8}") = "1_RenderKingKong", "1_RenderKingKong", "{C5CD5B5E-0E81-4129-8F6D-1049E58A54C8}"
EndProject
Project("{8BC9CEB8-8B4A-11D0-8D11-00A0C91BC942}") = "WMS_Base", "Projects\WMS_Base.vcxproj", "{F932BD87-F518-4119-83B7-0A04043D1652}"
EndProject
Project("{8BC9CEB8-8B4A-11D0-8D11-00A0C91BC942}") = "WMS_Framework", "Projects\WMS_Framework.vcxproj", "{9CD5B846-64BC-46BC-B9BD-0B0368F4E406}"
EndProject
Project("{8BC9CEB8-8B4A-11D0-8D11-00A0C91BC942}") = "WMS_Core", "Projects\WMS_Core.vcxproj", "{F782121E-B8FC-4173-8CDD-DE11E5058B9E}"
EndProject
Project("{2150E333-8FDC-42A3-9474-1A3956D46DE8}") = "PEL", "PEL", "{0F1EAE17-6D18-4484-89BF-450FF723948D}"
EndProject
Project("{2150E333-8FDC-42A3-9474-1A3956D46DE8}") = "5_AI", "5_AI", "{7A61B421-53C5-4B3A-8064-82808F429965}"
EndProject
Project("{2150E333-8FDC-42A3-9474-1A3956D46DE8}") = "Artificial Neural Network", "Artificial Neural Network", "{77FE8F67-990D-4F18-A9BD-892460B338B8}"
EndProject
Project("{8BC9CEB8-8B4A-11D0-8D11-00A0C91BC942}") = "ANN_Library", "Projects\ANN_Library.vcxproj", "{051C2532-A316-4C4B-AA78-03922A3A8067}"
EndProject
Project("{8BC9CEB8-8B4A-11D0-8D11-00A0C91BC942}") = "RKK_RDL_SW", "Projects\RKK_RDL_SW.vcxproj", "{2F70BBC6-0C26-4DC2-BFE5-7FF56B965F1F}"
	ProjectSection(ProjectDependencies) = postProject
		{D845A969-0CF5-4225-935B-AB0E3A0AD188} = {D845A969-0CF5-4225-935B-AB0E3A0AD188}
	EndProjectSection
EndProject
Global
	GlobalSection(SolutionConfigurationPlatforms) = preSolution
		Debug|Win32 = Debug|Win32
		Release|Win32 = Release|Win32
	EndGlobalSection
	GlobalSection(ProjectConfigurationPlatforms) = postSolution
		{D845A969-0CF5-4225-935B-AB0E3A0AD188}.Debug|Win32.ActiveCfg = Debug|Win32
		{D845A969-0CF5-4225-935B-AB0E3A0AD188}.Debug|Win32.Build.0 = Debug|Win32
		{D845A969-0CF5-4225-935B-AB0E3A0AD188}.Release|Win32.ActiveCfg = Release|Win32
		{D845A969-0CF5-4225-935B-AB0E3A0AD188}.Release|Win32.Build.0 = Release|Win32
		{D97800BC-87E5-42CD-A999-B99A4E5B1244}.Debug|Win32.ActiveCfg = Debug|Win32
		{D97800BC-87E5-42CD-A999-B99A4E5B1244}.Debug|Win32.Build.0 = Debug|Win32
		{D97800BC-87E5-42CD-A999-B99A4E5B1244}.Release|Win32.ActiveCfg = Release|Win32
		{D97800BC-87E5-42CD-A999-B99A4E5B1244}.Release|Win32.Build.0 = Release|Win32
		{4D0061F7-577A-4788-996C-C561E563CFBD}.Debug|Win32.ActiveCfg = Debug|Win32
		{4D0061F7-577A-4788-996C-C561E563CFBD}.Debug|Win32.Build.0 = Debug|Win32
		{4D0061F7-577A-4788-996C-C561E563CFBD}.Release|Win32.ActiveCfg = Release|Win32
		{4D0061F7-577A-4788-996C-C561E563CFBD}.Release|Win32.Build.0 = Release|Win32
		{F932BD87-F518-4119-83B7-0A04043D1652}.Debug|Win32.ActiveCfg = Debug|Win32
		{F932BD87-F518-4119-83B7-0A04043D1652}.Debug|Win32.Build.0 = Debug|Win32
		{F932BD87-F518-4119-83B7-0A04043D1652}.Release|Win32.ActiveCfg = Release|Win32
		{F932BD87-F518-4119-83B7-0A04043D1652}.Release|Win32.Build.0 = Release|Win32
		{9CD5B846-64BC-46BC-B9BD-0B0368F4E406}.Debug|Win32.ActiveCfg = Debug|Win32
		{9CD5B846-64BC-46BC-B9BD-0B0368F4E406}.Debug|Win32.Build.0 = Debug|Win32
		{9CD5B846-64BC-46BC-B9BD-0B0368F4E406}.Release|Win32.ActiveCfg = Release|Win32
		{9CD5B846-64BC-46BC-B9BD-0B0368F4E406}.Release|Win32.Build.0 = Release|Win32
		{F782121E-B8FC-4173-8CDD-DE11E5058B9E}.Debug|Win32.ActiveCfg = Debug|Win32
		{F782121E-B8FC-4173-8CDD-DE11E5058B9E}.Debug|Win32.Build.0 = Debug|Win32
		{F782121E-B8FC-4173-8CDD-DE11E5058B9E}.Release|Win32.ActiveCfg = Release|Win32
		{F782121E-B8FC-4173-8CDD-DE11E5058B9E}.Release|Win32.Build.0 = Release|Win32
		{051C2532-A316-4C4B-AA78-03922A3A8067}.Debug|Win32.ActiveCfg = Debug|Win32
		{051C2532-A316-4C4B-AA78-03922A3A8067}.Debug|Win32.Build.0 = Debug|Win32
		{051C2532-A316-4C4B-AA78-03922A3A8067}.Release|Win32.ActiveCfg = Release|Win32
		{051C2532-A316-4C4B-AA78-03922A3A8067}.Release|Win32.Build.0 = Release|Win32
		{2F70BBC6-0C26-4DC2-BFE5-7FF56B965F1F}.Debug|Win32.ActiveCfg = Debug|Win32
		{2F70BBC6-0C26-4DC2-BFE5-7FF56B965F1F}.Debug|Win32.Build.0 = Debug|Win32
		{2F70BBC6-0C26-4DC2-BFE5-7FF56B965F1F}.Release|Win32.ActiveCfg = Release|Win32
		{2F70BBC6-0C26-4DC2-BFE5-7FF56B965F1F}.Release|Win32.Build.0 = Release|Win32
	EndGlobalSection
	GlobalSection(SolutionProperties) = preSolution
		HideSolutionNode = FALSE
	EndGlobalSection
	GlobalSection(NestedProjects) = preSolution
		{D845A969-0CF5-4225-935B-AB0E3A0AD188} = {C5CD5B5E-0E81-4129-8F6D-1049E58A54C8}
		{D97800BC-87E5-42CD-A999-B99A4E5B1244} = {BE91FF3E-9D33-4BB5-B5B2-20F777A827FE}
		{4D0061F7-577A-4788-996C-C561E563CFBD} = {F7BF4F9C-6A7D-4B46-9AD5-94586FE71780}
		{F7BF4F9C-6A7D-4B46-9AD5-94586FE71780} = {364DF884-FAF0-4A72-BF8B-BFAED48C142B}
		{F932BD87-F518-4119-83B7-0A04043D1652} = {BE91FF3E-9D33-4BB5-B5B2-20F777A827FE}
		{9CD5B846-64BC-46BC-B9BD-0B0368F4E406} = {A989DD24-D168-4D10-BA5F-48BD0DA3DC9A}
		{F782121E-B8FC-4173-8CDD-DE11E5058B9E} = {BE91FF3E-9D33-4BB5-B5B2-20F777A827FE}
		{0F1EAE17-6D18-4484-89BF-450FF723948D} = {364DF884-FAF0-4A72-BF8B-BFAED48C142B}
		{77FE8F67-990D-4F18-A9BD-892460B338B8} = {7A61B421-53C5-4B3A-8064-82808F429965}
		{051C2532-A316-4C4B-AA78-03922A3A8067} = {77FE8F67-990D-4F18-A9BD-892460B338B8}
		{2F70BBC6-0C26-4DC2-BFE5-7FF56B965F1F} = {F7BF4F9C-6A7D-4B46-9AD5-94586FE71780}
	EndGlobalSection
EndGlobal
